
Microsoft Visual Studio Solution File, Format Version 12.00
# Visual Studio 2013
VisualStudioVersion = 12.0.31101.0
MinimumVisualStudioVersion = 10.0.40219.1
Project("{FAE04EC0-301F-11D3-BF4B-00C04F79EFBC}") = "InputHiveServer", "InputHive\InputHiveServer.csproj", "{830C2DBF-FDE3-426F-A8AF-55015B61B93D}"
EndProject
Project("{FAE04EC0-301F-11D3-BF4B-00C04F79EFBC}") = "InputHiveClient", "InputHiveClient\InputHiveClient.csproj", "{074E6260-D840-4E88-8085-52F2E49723CF}"
EndProject
Global
	GlobalSection(TeamFoundationVersionControl) = preSolution
		SccNumberOfProjects = 3
		SccEnterpriseProvider = {4CA58AB2-18FA-4F8D-95D4-32DDF27D184C}
		SccTeamFoundationServer = https://sheepytaggernep.visualstudio.com/defaultcollection
		SccLocalPath0 = .
		SccProjectUniqueName1 = InputHiveClient\\InputHiveClient.csproj
		SccProjectName1 = InputHiveClient
		SccLocalPath1 = InputHiveClient
		SccProjectUniqueName2 = InputHive\\InputHiveServer.csproj
		SccProjectName2 = InputHive
		SccLocalPath2 = InputHive
	EndGlobalSection
	GlobalSection(SolutionConfigurationPlatforms) = preSolution
		Debug|Any CPU = Debug|Any CPU
		Release|Any CPU = Release|Any CPU
	EndGlobalSection
	GlobalSection(ProjectConfigurationPlatforms) = postSolution
		{830C2DBF-FDE3-426F-A8AF-55015B61B93D}.Debug|Any CPU.ActiveCfg = Debug|Any CPU
		{830C2DBF-FDE3-426F-A8AF-55015B61B93D}.Debug|Any CPU.Build.0 = Debug|Any CPU
		{830C2DBF-FDE3-426F-A8AF-55015B61B93D}.Release|Any CPU.ActiveCfg = Release|Any CPU
		{830C2DBF-FDE3-426F-A8AF-55015B61B93D}.Release|Any CPU.Build.0 = Release|Any CPU
		{074E6260-D840-4E88-8085-52F2E49723CF}.Debug|Any CPU.ActiveCfg = Debug|Any CPU
		{074E6260-D840-4E88-8085-52F2E49723CF}.Debug|Any CPU.Build.0 = Debug|Any CPU
		{074E6260-D840-4E88-8085-52F2E49723CF}.Release|Any CPU.ActiveCfg = Release|Any CPU
		{074E6260-D840-4E88-8085-52F2E49723CF}.Release|Any CPU.Build.0 = Release|Any CPU
	EndGlobalSection
	GlobalSection(SolutionProperties) = preSolution
		HideSolutionNode = FALSE
	EndGlobalSection
EndGlobal
